
Microsoft Visual Studio Solution File, Format Version 12.00
# Visual Studio 2012
Project("{FAE04EC0-301F-11D3-BF4B-00C04F79EFBC}") = "MockLanguageExtension", "MockLanguageExtension\MockLanguageExtension.csproj", "{10DF3FD4-F6EB-4ADA-90EC-6D04219990EA}"
EndProject
Project("{FAE04EC0-301F-11D3-BF4B-00C04F79EFBC}") = "LanguageServer.UI", "LanguageServer.UI\LanguageServer.UI.csproj", "{C5D81F0E-809A-488F-BB57-BC1C0102FA6A}"
EndProject
Project("{FAE04EC0-301F-11D3-BF4B-00C04F79EFBC}") = "LanguageServerLibrary", "LanguageServerLibrary\LanguageServerLibrary.csproj", "{738B3D86-F59E-4E15-A890-155A6DCACB9F}"
EndProject
Global
	GlobalSection(SolutionConfigurationPlatforms) = preSolution
		Debug|Any CPU = Debug|Any CPU
		Release|Any CPU = Release|Any CPU
	EndGlobalSection
	GlobalSection(ProjectConfigurationPlatforms) = postSolution
		{10DF3FD4-F6EB-4ADA-90EC-6D04219990EA}.Debug|Any CPU.ActiveCfg = Debug|Any CPU
		{10DF3FD4-F6EB-4ADA-90EC-6D04219990EA}.Debug|Any CPU.Build.0 = Debug|Any CPU
		{10DF3FD4-F6EB-4ADA-90EC-6D04219990EA}.Release|Any CPU.ActiveCfg = Release|Any CPU
		{10DF3FD4-F6EB-4ADA-90EC-6D04219990EA}.Release|Any CPU.Build.0 = Release|Any CPU
		{C5D81F0E-809A-488F-BB57-BC1C0102FA6A}.Debug|Any CPU.ActiveCfg = Debug|Any CPU
		{C5D81F0E-809A-488F-BB57-BC1C0102FA6A}.Debug|Any CPU.Build.0 = Debug|Any CPU
		{C5D81F0E-809A-488F-BB57-BC1C0102FA6A}.Release|Any CPU.ActiveCfg = Release|Any CPU
		{C5D81F0E-809A-488F-BB57-BC1C0102FA6A}.Release|Any CPU.Build.0 = Release|Any CPU
		{738B3D86-F59E-4E15-A890-155A6DCACB9F}.Debug|Any CPU.ActiveCfg = Debug|Any CPU
		{738B3D86-F59E-4E15-A890-155A6DCACB9F}.Debug|Any CPU.Build.0 = Debug|Any CPU
		{738B3D86-F59E-4E15-A890-155A6DCACB9F}.Release|Any CPU.ActiveCfg = Release|Any CPU
		{738B3D86-F59E-4E15-A890-155A6DCACB9F}.Release|Any CPU.Build.0 = Release|Any CPU
	EndGlobalSection
EndGlobal
